version = 1
revision = 3
requires-python = "==3.12.*"

[[package]]
name = "aiofiles"
version = "25.1.0"
source = { registry = "https://mirrors.ustc.edu.cn/pypi/simple" }
sdist = { url = "https://mirrors.ustc.edu.cn/pypi/packages/41/c3/534eac40372d8ee36ef40df62ec129bee4fdb5ad9706e58a29be53b2c970/aiofiles-25.1.0.tar.gz", hash = "sha256:a8d728f0a29de45dc521f18f07297428d56992a742f0cd2701ba86e44d23d5b2", size = 46354, upload-time = "2025-10-09T20:51:04.358Z" }
wheels = [
    { url = "https://mirrors.ustc.edu.cn/pypi/packages/bc/8a/340a1555ae33d7354dbca4faa54948d76d89a27ceef032c8c3bc661d003e/aiofiles-25.1.0-py3-none-any.whl", hash = "sha256:abe311e527c862958650f9438e859c1fa7568a141b22abcd015e120e86a85695", size = 14668, upload-time = "2025-10-09T20:51:03.174Z" },
]

[[package]]
name = "aiosqlite"
version = "0.22.1"
source = { registry = "https://mirrors.ustc.edu.cn/pypi/simple" }
sdist = { url = "https://mirrors.ustc.edu.cn/pypi/packages/4e/8a/64761f4005f17809769d23e518d915db74e6310474e733e3593cfc854ef1/aiosqlite-0.22.1.tar.gz", hash = "sha256:043e0bd78d32888c0a9ca90fc788b38796843360c855a7262a532813133a0650", size = 14821, upload-time = "2025-12-23T19:25:43.997Z" }
wheels = [
    { url = "https://mirrors.ustc.edu.cn/pypi/packages/00/b7/e3bf5133d697a08128598c8d0abc5e16377b51465a33756de24fa7dee953/aiosqlite-0.22.1-py3-none-any.whl", hash = "sha256:21c002eb13823fad740196c5a2e9d8e62f6243bd9e7e4a1f87fb5e44ecb4fceb", size = 17405, upload-time = "2025-12-23T19:25:42.139Z" },
]

[[package]]
name = "annotated-doc"
version = "0.0.4"
source = { registry = "https://mirrors.ustc.edu.cn/pypi/simple" }
sdist = { url = "https://mirrors.ustc.edu.cn/pypi/packages/57/ba/046ceea27344560984e26a590f90bc7f4a75b06701f653222458922b558c/annotated_doc-0.0.4.tar.gz", hash = "sha256:fbcda96e87e9c92ad167c2e53839e57503ecfda18804ea28102353485033faa4", size = 7288, upload-time = "2025-11-10T22:07:42.062Z" }
wheels = [
    { url = "https://mirrors.ustc.edu.cn/pypi/packages/1e/d3/26bf1008eb3d2daa8ef4cacc7f3bfdc11818d111f7e2d0201bc6e3b49d45/annotated_doc-0.0.4-py3-none-any.whl", hash = "sha256:571ac1dc6991c450b25a9c2d84a3705e2ae7a53467b5d111c24fa8baabbed320", size = 5303, upload-time = "2025-11-10T22:07:40.673Z" },
]

[[package]]
name = "annotated-types"
version = "0.7.0"
source = { registry = "https://mirrors.ustc.edu.cn/pypi/simple" }
sdist = { url = "https://mirrors.ustc.edu.cn/pypi/packages/ee/67/531ea369ba64dcff5ec9c3402f9f51bf748cec26dde048a2f973a4eea7f5/annotated_types-0.7.0.tar.gz", hash = "sha256:aff07c09a53a08bc8cfccb9c85b05f1aa9a2a6f23728d790723543408344ce89", size = 16081, upload-time = "2024-05-20T21:33:25.928Z" }
wheels = [
    { url = "https://mirrors.ustc.edu.cn/pypi/packages/78/b6/6307fbef88d9b5ee7421e68d78a9f162e0da4900bc5f5793f6d3d0e34fb8/annotated_types-0.7.0-py3-none-any.whl", hash = "sha256:1f02e8b43a8fbbc3f3e0d4f0f4bfc8131bcb4eebe8849b8e5c773f3a1c582a53", size = 13643, upload-time = "2024-05-20T21:33:24.1Z" },
]

[[package]]
name = "anyio"
version = "4.12.0"
source = { registry = "https://mirrors.ustc.edu.cn/pypi/simple" }
dependencies = [
    { name = "idna" },
    { name = "typing-extensions" },
]
sdist = { url = "https://mirrors.ustc.edu.cn/pypi/packages/16/ce/8a777047513153587e5434fd752e89334ac33e379aa3497db860eeb60377/anyio-4.12.0.tar.gz", hash = "sha256:73c693b567b0c55130c104d0b43a9baf3aa6a31fc6110116509f27bf75e21ec0", size = 228266, upload-time = "2025-11-28T23:37:38.911Z" }
wheels = [
    { url = "https://mirrors.ustc.edu.cn/pypi/packages/7f/9c/36c5c37947ebfb8c7f22e0eb6e4d188ee2d53aa3880f3f2744fb894f0cb1/anyio-4.12.0-py3-none-any.whl", hash = "sha256:dad2376a628f98eeca4881fc56cd06affd18f659b17a747d3ff0307ced94b1bb", size = 113362, upload-time = "2025-11-28T23:36:57.897Z" },
]

[[package]]
name = "certifi"
version = "2025.11.12"
source = { registry = "https://mirrors.ustc.edu.cn/pypi/simple" }
sdist = { url = "https://mirrors.ustc.edu.cn/pypi/packages/a2/8c/58f469717fa48465e4a50c014a0400602d3c437d7c0c468e17ada824da3a/certifi-2025.11.12.tar.gz", hash = "sha256:d8ab5478f2ecd78af242878415affce761ca6bc54a22a27e026d7c25357c3316", size = 160538, upload-time = "2025-11-12T02:54:51.517Z" }
wheels = [
    { url = "https://mirrors.ustc.edu.cn/pypi/packages/70/7d/9bc192684cea499815ff478dfcdc13835ddf401365057044fb721ec6bddb/certifi-2025.11.12-py3-none-any.whl", hash = "sha256:97de8790030bbd5c2d96b7ec782fc2f7820ef8dba6db909ccf95449f2d062d4b", size = 159438, upload-time = "2025-11-12T02:54:49.735Z" },
]

[[package]]
name = "click"
version = "8.3.1"
source = { registry = "https://mirrors.ustc.edu.cn/pypi/simple" }
dependencies = [
    { name = "colorama", marker = "sys_platform == 'win32'" },
]
sdist = { url = "https://mirrors.ustc.edu.cn/pypi/packages/3d/fa/656b739db8587d7b5dfa22e22ed02566950fbfbcdc20311993483657a5c0/click-8.3.1.tar.gz", hash = "sha256:12ff4785d337a1bb490bb7e9c2b1ee5da3112e94a8622f26a6c77f5d2fc6842a", size = 295065, upload-time = "2025-11-15T20:45:42.706Z" }
wheels = [
    { url = "https://mirrors.ustc.edu.cn/pypi/packages/98/78/01c019cdb5d6498122777c1a43056ebb3ebfeef2076d9d026bfe15583b2b/click-8.3.1-py3-none-any.whl", hash = "sha256:981153a64e25f12d547d3426c367a4857371575ee7ad18df2a6183ab0545b2a6", size = 108274, upload-time = "2025-11-15T20:45:41.139Z" },
]

[[package]]
name = "colorama"
version = "0.4.6"
source = { registry = "https://mirrors.ustc.edu.cn/pypi/simple" }
sdist = { url = "https://mirrors.ustc.edu.cn/pypi/packages/d8/53/6f443c9a4a8358a93a6792e2acffb9d9d5cb0a5cfd8802644b7b1c9a02e4/colorama-0.4.6.tar.gz", hash = "sha256:08695f5cb7ed6e0531a20572697297273c47b8cae5a63ffc6d6ed5c201be6e44", size = 27697, upload-time = "2022-10-25T02:36:22.414Z" }
wheels = [
    { url = "https://mirrors.ustc.edu.cn/pypi/packages/d1/d6/3965ed04c63042e047cb6a3e6ed1a63a35087b6a609aa3a15ed8ac56c221/colorama-0.4.6-py2.py3-none-any.whl", hash = "sha256:4f1d9991f5acc0ca119f9d443620b77f9d6b33703e51011c16baf57afb285fc6", size = 25335, upload-time = "2022-10-25T02:36:20.889Z" },
]

[[package]]
name = "douk-downloader"
version = "5.8"
source = { virtual = "." }
dependencies = [
    { name = "aiofiles" },
    { name = "aiosqlite" },
    { name = "emoji" },
    { name = "fastapi" },
    { name = "gmssl" },
    { name = "httpx", extra = ["socks"] },
    { name = "lxml" },
    { name = "openpyxl" },
    { name = "pydantic" },
    { name = "pyperclip" },
    { name = "rich" },
    { name = "rookiepy" },
    { name = "uvicorn" },
]

[package.dev-dependencies]
dev = [
    { name = "pytest" },
]

[package.metadata]
requires-dist = [
    { name = "aiofiles", specifier = ">=25.1.0" },
    { name = "aiosqlite", specifier = ">=0.21.0" },
    { name = "emoji", specifier = ">=2.15.0" },
    { name = "fastapi", specifier = ">=0.124.2" },
    { name = "gmssl", specifier = ">=3.2.2" },
    { name = "httpx", extras = ["socks"], specifier = ">=0.28.1" },
    { name = "lxml", specifier = ">=6.0.2" },
    { name = "openpyxl", specifier = ">=3.1.5" },
    { name = "pydantic", specifier = ">=2.12.5" },
    { name = "pyperclip", specifier = ">=1.11.0" },
    { name = "rich", specifier = ">=14.2.0" },
    { name = "rookiepy", specifier = ">=0.5.6" },
    { name = "uvicorn", specifier = ">=0.38.0" },
]

[package.metadata.requires-dev]
dev = [{ name = "pytest", specifier = ">=8.3.5" }]

[[package]]
name = "emoji"
version = "2.15.0"
source = { registry = "https://mirrors.ustc.edu.cn/pypi/simple" }
sdist = { url = "https://mirrors.ustc.edu.cn/pypi/packages/a2/78/0d2db9382c92a163d7095fc08efff7800880f830a152cfced40161e7638d/emoji-2.15.0.tar.gz", hash = "sha256:eae4ab7d86456a70a00a985125a03263a5eac54cd55e51d7e184b1ed3b6757e4", size = 615483, upload-time = "2025-09-21T12:13:02.755Z" }
wheels = [
    { url = "https://mirrors.ustc.edu.cn/pypi/packages/e1/5e/4b5aaaabddfacfe36ba7768817bd1f71a7a810a43705e531f3ae4c690767/emoji-2.15.0-py3-none-any.whl", hash = "sha256:205296793d66a89d88af4688fa57fd6496732eb48917a87175a023c8138995eb", size = 608433, upload-time = "2025-09-21T12:13:01.197Z" },
]

[[package]]
name = "et-xmlfile"
version = "2.0.0"
source = { registry = "https://mirrors.ustc.edu.cn/pypi/simple" }
sdist = { url = "https://mirrors.ustc.edu.cn/pypi/packages/d3/38/af70d7ab1ae9d4da450eeec1fa3918940a5fafb9055e934af8d6eb0c2313/et_xmlfile-2.0.0.tar.gz", hash = "sha256:dab3f4764309081ce75662649be815c4c9081e88f0837825f90fd28317d4da54", size = 17234, upload-time = "2024-10-25T17:25:40.039Z" }
wheels = [
    { url = "https://mirrors.ustc.edu.cn/pypi/packages/c1/8b/5fe2cc11fee489817272089c4203e679c63b570a5aaeb18d852ae3cbba6a/et_xmlfile-2.0.0-py3-none-any.whl", hash = "sha256:7a91720bc756843502c3b7504c77b8fe44217c85c537d85037f0f536151b2caa", size = 18059, upload-time = "2024-10-25T17:25:39.051Z" },
]

[[package]]
name = "fastapi"
version = "0.135.1"
source = { registry = "https://mirrors.ustc.edu.cn/pypi/simple" }
dependencies = [
    { name = "annotated-doc" },
    { name = "pydantic" },
    { name = "starlette" },
    { name = "typing-extensions" },
    { name = "typing-inspection" },
]
sdist = { url = "https://mirrors.ustc.edu.cn/pypi/packages/e7/7b/f8e0211e9380f7195ba3f3d40c292594fd81ba8ec4629e3854c353aaca45/fastapi-0.135.1.tar.gz", hash = "sha256:d04115b508d936d254cea545b7312ecaa58a7b3a0f84952535b4c9afae7668cd", size = 394962, upload-time = "2026-03-01T18:18:29.369Z" }
wheels = [
    { url = "https://mirrors.ustc.edu.cn/pypi/packages/e4/72/42e900510195b23a56bde950d26a51f8b723846bfcaa0286e90287f0422b/fastapi-0.135.1-py3-none-any.whl", hash = "sha256:46e2fc5745924b7c840f71ddd277382af29ce1cdb7d5eab5bf697e3fb9999c9e", size = 116999, upload-time = "2026-03-01T18:18:30.831Z" },
]

[[package]]
name = "gmssl"
version = "3.2.2"
source = { registry = "https://mirrors.ustc.edu.cn/pypi/simple" }
dependencies = [
    { name = "pycryptodomex" },
]
wheels = [
    { url = "https://mirrors.ustc.edu.cn/pypi/packages/41/b1/01d707a2edfaad77715b2d27e5fbf14b6bcd34dd72ea179a5facfe4b1dd7/gmssl-3.2.2-py3-none-any.whl", hash = "sha256:59f069a91eb19ef59b9e7be4d436ed01c92ce064d3d7d45a8778fc07fd2cd068", size = 10185, upload-time = "2023-02-23T06:01:39.296Z" },
]

[[package]]
name = "h11"
version = "0.16.0"
source = { registry = "https://mirrors.ustc.edu.cn/pypi/simple" }
sdist = { url = "https://mirrors.ustc.edu.cn/pypi/packages/01/ee/02a2c011bdab74c6fb3c75474d40b3052059d95df7e73351460c8588d963/h11-0.16.0.tar.gz", hash = "sha256:4e35b956cf45792e4caa5885e69fba00bdbc6ffafbfa020300e549b208ee5ff1", size = 101250, upload-time = "2025-04-24T03:35:25.427Z" }
wheels = [
    { url = "https://mirrors.ustc.edu.cn/pypi/packages/04/4b/29cac41a4d98d144bf5f6d33995617b185d14b22401f75ca86f384e87ff1/h11-0.16.0-py3-none-any.whl", hash = "sha256:63cf8bbe7522de3bf65932fda1d9c2772064ffb3dae62d55932da54b31cb6c86", size = 37515, upload-time = "2025-04-24T03:35:24.344Z" },
]

[[package]]
name = "httpcore"
version = "1.0.9"
source = { registry = "https://mirrors.ustc.edu.cn/pypi/simple" }
dependencies = [
    { name = "certifi" },
    { name = "h11" },
]
sdist = { url = "https://mirrors.ustc.edu.cn/pypi/packages/06/94/82699a10bca87a5556c9c59b5963f2d039dbd239f25bc2a63907a05a14cb/httpcore-1.0.9.tar.gz", hash = "sha256:6e34463af53fd2ab5d807f399a9b45ea31c3dfa2276f15a2c3f00afff6e176e8", size = 85484, upload-time = "2025-04-24T22:06:22.219Z" }
wheels = [
    { url = "https://mirrors.ustc.edu.cn/pypi/packages/7e/f5/f66802a942d491edb555dd61e3a9961140fd64c90bce1eafd741609d334d/httpcore-1.0.9-py3-none-any.whl", hash = "sha256:2d400746a40668fc9dec9810239072b40b4484b640a8c38fd654a024c7a1bf55", size = 78784, upload-time = "2025-04-24T22:06:20.566Z" },
]

[[package]]
name = "httpx"
version = "0.28.1"
source = { registry = "https://mirrors.ustc.edu.cn/pypi/simple" }
dependencies = [
    { name = "anyio" },
    { name = "certifi" },
    { name = "httpcore" },
    { name = "idna" },
]
sdist = { url = "https://mirrors.ustc.edu.cn/pypi/packages/b1/df/48c586a5fe32a0f01324ee087459e112ebb7224f646c0b5023f5e79e9956/httpx-0.28.1.tar.gz", hash = "sha256:75e98c5f16b0f35b567856f597f06ff2270a374470a5c2392242528e3e3e42fc", size = 141406, upload-time = "2024-12-06T15:37:23.222Z" }
wheels = [
    { url = "https://mirrors.ustc.edu.cn/pypi/packages/2a/39/e50c7c3a983047577ee07d2a9e53faf5a69493943ec3f6a384bdc792deb2/httpx-0.28.1-py3-none-any.whl", hash = "sha256:d909fcccc110f8c7faf814ca82a9a4d816bc5a6dbfea25d6591d6985b8ba59ad", size = 73517, upload-time = "2024-12-06T15:37:21.509Z" },
]

[package.optional-dependencies]
socks = [
    { name = "socksio" },
]

[[package]]
name = "idna"
version = "3.11"
source = { registry = "https://mirrors.ustc.edu.cn/pypi/simple" }
sdist = { url = "https://mirrors.ustc.edu.cn/pypi/packages/6f/6d/0703ccc57f3a7233505399edb88de3cbd678da106337b9fcde432b65ed60/idna-3.11.tar.gz", hash = "sha256:795dafcc9c04ed0c1fb032c2aa73654d8e8c5023a7df64a53f39190ada629902", size = 194582, upload-time = "2025-10-12T14:55:20.501Z" }
wheels = [
    { url = "https://mirrors.ustc.edu.cn/pypi/packages/0e/61/66938bbb5fc52dbdf84594873d5b51fb1f7c7794e9c0f5bd885f30bc507b/idna-3.11-py3-none-any.whl", hash = "sha256:771a87f49d9defaf64091e6e6fe9c18d4833f140bd19464795bc32d966ca37ea", size = 71008, upload-time = "2025-10-12T14:55:18.883Z" },
]

[[package]]
name = "iniconfig"
version = "2.3.0"
source = { registry = "https://mirrors.ustc.edu.cn/pypi/simple" }
sdist = { url = "https://mirrors.ustc.edu.cn/pypi/packages/72/34/14ca021ce8e5dfedc35312d08ba8bf51fdd999c576889fc2c24cb97f4f10/iniconfig-2.3.0.tar.gz", hash = "sha256:c76315c77db068650d49c5b56314774a7804df16fee4402c1f19d6d15d8c4730", size = 20503, upload-time = "2025-10-18T21:55:43.219Z" }
wheels = [
    { url = "https://mirrors.ustc.edu.cn/pypi/packages/cb/b1/3846dd7f199d53cb17f49cba7e651e9ce294d8497c8c150530ed11865bb8/iniconfig-2.3.0-py3-none-any.whl", hash = "sha256:f631c04d2c48c52b84d0d0549c99ff3859c98df65b3101406327ecc7d53fbf12", size = 7484, upload-time = "2025-10-18T21:55:41.639Z" },
]

[[package]]
name = "lxml"
version = "6.0.2"
source = { registry = "https://mirrors.ustc.edu.cn/pypi/simple" }
sdist = { url = "https://mirrors.ustc.edu.cn/pypi/packages/aa/88/262177de60548e5a2bfc46ad28232c9e9cbde697bd94132aeb80364675cb/lxml-6.0.2.tar.gz", hash = "sha256:cd79f3367bd74b317dda655dc8fcfa304d9eb6e4fb06b7168c5cf27f96e0cd62", size = 4073426, upload-time = "2025-09-22T04:04:59.287Z" }
wheels = [
    { url = "https://mirrors.ustc.edu.cn/pypi/packages/f3/c8/8ff2bc6b920c84355146cd1ab7d181bc543b89241cfb1ebee824a7c81457/lxml-6.0.2-cp312-cp312-macosx_10_13_universal2.whl", hash = "sha256:a59f5448ba2ceccd06995c95ea59a7674a10de0810f2ce90c9006f3cbc044456", size = 8661887, upload-time = "2025-09-22T04:01:17.265Z" },
    { url = "https://mirrors.ustc.edu.cn/pypi/packages/37/6f/9aae1008083bb501ef63284220ce81638332f9ccbfa53765b2b7502203cf/lxml-6.0.2-cp312-cp312-macosx_10_13_x86_64.whl", hash = "sha256:e8113639f3296706fbac34a30813929e29247718e88173ad849f57ca59754924", size = 4667818, upload-time = "2025-09-22T04:01:19.688Z" },
    { url = "https://mirrors.ustc.edu.cn/pypi/packages/f1/ca/31fb37f99f37f1536c133476674c10b577e409c0a624384147653e38baf2/lxml-6.0.2-cp312-cp312-manylinux2014_aarch64.manylinux_2_17_aarch64.whl", hash = "sha256:a8bef9b9825fa8bc816a6e641bb67219489229ebc648be422af695f6e7a4fa7f", size = 4950807, upload-time = "2025-09-22T04:01:21.487Z" },
    { url = "https://mirrors.ustc.edu.cn/pypi/packages/da/87/f6cb9442e4bada8aab5ae7e1046264f62fdbeaa6e3f6211b93f4c0dd97f1/lxml-6.0.2-cp312-cp312-manylinux2014_x86_64.manylinux_2_17_x86_64.whl", hash = "sha256:65ea18d710fd14e0186c2f973dc60bb52039a275f82d3c44a0e42b43440ea534", size = 5109179, upload-time = "2025-09-22T04:01:23.32Z" },
    { url = "https://mirrors.ustc.edu.cn/pypi/packages/c8/20/a7760713e65888db79bbae4f6146a6ae5c04e4a204a3c48896c408cd6ed2/lxml-6.0.2-cp312-cp312-manylinux_2_26_aarch64.manylinux_2_28_aarch64.whl", hash = "sha256:c371aa98126a0d4c739ca93ceffa0fd7a5d732e3ac66a46e74339acd4d334564", size = 5023044, upload-time = "2025-09-22T04:01:25.118Z" },
    { url = "https://mirrors.ustc.edu.cn/pypi/packages/a2/b0/7e64e0460fcb36471899f75831509098f3fd7cd02a3833ac517433cb4f8f/lxml-6.0.2-cp312-cp312-manylinux_2_26_i686.manylinux_2_28_i686.whl", hash = "sha256:700efd30c0fa1a3581d80a748157397559396090a51d306ea59a70020223d16f", size = 5359685, upload-time = "2025-09-22T04:01:27.398Z" },
    { url = "https://mirrors.ustc.edu.cn/pypi/packages/b9/e1/e5df362e9ca4e2f48ed6411bd4b3a0ae737cc842e96877f5bf9428055ab4/lxml-6.0.2-cp312-cp312-manylinux_2_26_ppc64le.manylinux_2_28_ppc64le.whl", hash = "sha256:c33e66d44fe60e72397b487ee92e01da0d09ba2d66df8eae42d77b6d06e5eba0", size = 5654127, upload-time = "2025-09-22T04:01:29.629Z" },
    { url = "https://mirrors.ustc.edu.cn/pypi/packages/c6/d1/232b3309a02d60f11e71857778bfcd4acbdb86c07db8260caf7d008b08f8/lxml-6.0.2-cp312-cp312-manylinux_2_26_x86_64.manylinux_2_28_x86_64.whl", hash = "sha256:90a345bbeaf9d0587a3aaffb7006aa39ccb6ff0e96a57286c0cb2fd1520ea192", size = 5253958, upload-time = "2025-09-22T04:01:31.535Z" },
    { url = "https://mirrors.ustc.edu.cn/pypi/packages/35/35/d955a070994725c4f7d80583a96cab9c107c57a125b20bb5f708fe941011/lxml-6.0.2-cp312-cp312-manylinux_2_31_armv7l.whl", hash = "sha256:064fdadaf7a21af3ed1dcaa106b854077fbeada827c18f72aec9346847cd65d0", size = 4711541, upload-time = "2025-09-22T04:01:33.801Z" },
    { url = "https://mirrors.ustc.edu.cn/pypi/packages/1e/be/667d17363b38a78c4bd63cfd4b4632029fd68d2c2dc81f25ce9eb5224dd5/lxml-6.0.2-cp312-cp312-manylinux_2_38_riscv64.manylinux_2_39_riscv64.whl", hash = "sha256:fbc74f42c3525ac4ffa4b89cbdd00057b6196bcefe8bce794abd42d33a018092", size = 5267426, upload-time = "2025-09-22T04:01:35.639Z" },
    { url = "https://mirrors.ustc.edu.cn/pypi/packages/ea/47/62c70aa4a1c26569bc958c9ca86af2bb4e1f614e8c04fb2989833874f7ae/lxml-6.0.2-cp312-cp312-musllinux_1_2_aarch64.whl", hash = "sha256:6ddff43f702905a4e32bc24f3f2e2edfe0f8fde3277d481bffb709a4cced7a1f", size = 5064917, upload-time = "2025-09-22T04:01:37.448Z" },
    { url = "https://mirrors.ustc.edu.cn/pypi/packages/bd/55/6ceddaca353ebd0f1908ef712c597f8570cc9c58130dbb89903198e441fd/lxml-6.0.2-cp312-cp312-musllinux_1_2_armv7l.whl", hash = "sha256:6da5185951d72e6f5352166e3da7b0dc27aa70bd1090b0eb3f7f7212b53f1bb8", size = 4788795, upload-time = "2025-09-22T04:01:39.165Z" },
    { url = "https://mirrors.ustc.edu.cn/pypi/packages/cf/e8/fd63e15da5e3fd4c2146f8bbb3c14e94ab850589beab88e547b2dbce22e1/lxml-6.0.2-cp312-cp312-musllinux_1_2_ppc64le.whl", hash = "sha256:57a86e1ebb4020a38d295c04fc79603c7899e0df71588043eb218722dabc087f", size = 5676759, upload-time = "2025-09-22T04:01:41.506Z" },
    { url = "https://mirrors.ustc.edu.cn/pypi/packages/76/47/b3ec58dc5c374697f5ba37412cd2728f427d056315d124dd4b61da381877/lxml-6.0.2-cp312-cp312-musllinux_1_2_riscv64.whl", hash = "sha256:2047d8234fe735ab77802ce5f2297e410ff40f5238aec569ad7c8e163d7b19a6", size = 5255666, upload-time = "2025-09-22T04:01:43.363Z" },
    { url = "https://mirrors.ustc.edu.cn/pypi/packages/19/93/03ba725df4c3d72afd9596eef4a37a837ce8e4806010569bedfcd2cb68fd/lxml-6.0.2-cp312-cp312-musllinux_1_2_x86_64.whl", hash = "sha256:6f91fd2b2ea15a6800c8e24418c0775a1694eefc011392da73bc6cef2623b322", size = 5277989, upload-time = "2025-09-22T04:01:45.215Z" },
    { url = "https://mirrors.ustc.edu.cn/pypi/packages/c6/80/c06de80bfce881d0ad738576f243911fccf992687ae09fd80b734712b39c/lxml-6.0.2-cp312-cp312-win32.whl", hash = "sha256:3ae2ce7d6fedfb3414a2b6c5e20b249c4c607f72cb8d2bb7cc9c6ec7c6f4e849", size = 3611456, upload-time = "2025-09-22T04:01:48.243Z" },
    { url = "https://mirrors.ustc.edu.cn/pypi/packages/f7/d7/0cdfb6c3e30893463fb3d1e52bc5f5f99684a03c29a0b6b605cfae879cd5/lxml-6.0.2-cp312-cp312-win_amd64.whl", hash = "sha256:72c87e5ee4e58a8354fb9c7c84cbf95a1c8236c127a5d1b7683f04bed8361e1f", size = 4011793, upload-time = "2025-09-22T04:01:50.042Z" },
    { url = "https://mirrors.ustc.edu.cn/pypi/packages/ea/7b/93c73c67db235931527301ed3785f849c78991e2e34f3fd9a6663ffda4c5/lxml-6.0.2-cp312-cp312-win_arm64.whl", hash = "sha256:61cb10eeb95570153e0c0e554f58df92ecf5109f75eacad4a95baa709e26c3d6", size = 3672836, upload-time = "2025-09-22T04:01:52.145Z" },
]

[[package]]
name = "markdown-it-py"
version = "4.0.0"
source = { registry = "https://mirrors.ustc.edu.cn/pypi/simple" }
dependencies = [
    { name = "mdurl" },
]
sdist = { url = "https://mirrors.ustc.edu.cn/pypi/packages/5b/f5/4ec618ed16cc4f8fb3b701563655a69816155e79e24a17b651541804721d/markdown_it_py-4.0.0.tar.gz", hash = "sha256:cb0a2b4aa34f932c007117b194e945bd74e0ec24133ceb5bac59009cda1cb9f3", size = 73070, upload-time = "2025-08-11T12:57:52.854Z" }
wheels = [
    { url = "https://mirrors.ustc.edu.cn/pypi/packages/94/54/e7d793b573f298e1c9013b8c4dade17d481164aa517d1d7148619c2cedbf/markdown_it_py-4.0.0-py3-none-any.whl", hash = "sha256:87327c59b172c5011896038353a81343b6754500a08cd7a4973bb48c6d578147", size = 87321, upload-time = "2025-08-11T12:57:51.923Z" },
]

[[package]]
name = "mdurl"
version = "0.1.2"
source = { registry = "https://mirrors.ustc.edu.cn/pypi/simple" }
sdist = { url = "https://mirrors.ustc.edu.cn/pypi/packages/d6/54/cfe61301667036ec958cb99bd3efefba235e65cdeb9c84d24a8293ba1d90/mdurl-0.1.2.tar.gz", hash = "sha256:bb413d29f5eea38f31dd4754dd7377d4465116fb207585f97bf925588687c1ba", size = 8729, upload-time = "2022-08-14T12:40:10.846Z" }
wheels = [
    { url = "https://mirrors.ustc.edu.cn/pypi/packages/b3/38/89ba8ad64ae25be8de66a6d463314cf1eb366222074cfda9ee839c56a4b4/mdurl-0.1.2-py3-none-any.whl", hash = "sha256:84008a41e51615a49fc9966191ff91509e3c40b939176e643fd50a5c2196b8f8", size = 9979, upload-time = "2022-08-14T12:40:09.779Z" },
]

[[package]]
name = "openpyxl"
version = "3.1.5"
source = { registry = "https://mirrors.ustc.edu.cn/pypi/simple" }
dependencies = [
    { name = "et-xmlfile" },
]
sdist = { url = "https://mirrors.ustc.edu.cn/pypi/packages/3d/f9/88d94a75de065ea32619465d2f77b29a0469500e99012523b91cc4141cd1/openpyxl-3.1.5.tar.gz", hash = "sha256:cf0e3cf56142039133628b5acffe8ef0c12bc902d2aadd3e0fe5878dc08d1050", size = 186464, upload-time = "2024-06-28T14:03:44.161Z" }
wheels = [
    { url = "https://mirrors.ustc.edu.cn/pypi/packages/c0/da/977ded879c29cbd04de313843e76868e6e13408a94ed6b987245dc7c8506/openpyxl-3.1.5-py2.py3-none-any.whl", hash = "sha256:5282c12b107bffeef825f4617dc029afaf41d0ea60823bbb665ef3079dc79de2", size = 250910, upload-time = "2024-06-28T14:03:41.161Z" },
]

[[package]]
name = "packaging"
version = "25.0"
source = { registry = "https://mirrors.ustc.edu.cn/pypi/simple" }
sdist = { url = "https://mirrors.ustc.edu.cn/pypi/packages/a1/d4/1fc4078c65507b51b96ca8f8c3ba19e6a61c8253c72794544580a7b6c24d/packaging-25.0.tar.gz", hash = "sha256:d443872c98d677bf60f6a1f2f8c1cb748e8fe762d2bf9d3148b5599295b0fc4f", size = 165727, upload-time = "2025-04-19T11:48:59.673Z" }
wheels = [
    { url = "https://mirrors.ustc.edu.cn/pypi/packages/20/12/38679034af332785aac8774540895e234f4d07f7545804097de4b666afd8/packaging-25.0-py3-none-any.whl", hash = "sha256:29572ef2b1f17581046b3a2227d5c611fb25ec70ca1ba8554b24b0e69331a484", size = 66469, upload-time = "2025-04-19T11:48:57.875Z" },
]

[[package]]
name = "pluggy"
version = "1.6.0"
source = { registry = "https://mirrors.ustc.edu.cn/pypi/simple" }
sdist = { url = "https://mirrors.ustc.edu.cn/pypi/packages/f9/e2/3e91f31a7d2b083fe6ef3fa267035b518369d9511ffab804f839851d2779/pluggy-1.6.0.tar.gz", hash = "sha256:7dcc130b76258d33b90f61b658791dede3486c3e6bfb003ee5c9bfb396dd22f3", size = 69412, upload-time = "2025-05-15T12:30:07.975Z" }
wheels = [
    { url = "https://mirrors.ustc.edu.cn/pypi/packages/54/20/4d324d65cc6d9205fabedc306948156824eb9f0ee1633355a8f7ec5c66bf/pluggy-1.6.0-py3-none-any.whl", hash = "sha256:e920276dd6813095e9377c0bc5566d94c932c33b27a3e3945d8389c374dd4746", size = 20538, upload-time = "2025-05-15T12:30:06.134Z" },
]

[[package]]
name = "pycryptodomex"
version = "3.23.0"
source = { registry = "https://mirrors.ustc.edu.cn/pypi/simple" }
sdist = { url = "https://mirrors.ustc.edu.cn/pypi/packages/c9/85/e24bf90972a30b0fcd16c73009add1d7d7cd9140c2498a68252028899e41/pycryptodomex-3.23.0.tar.gz", hash = "sha256:71909758f010c82bc99b0abf4ea12012c98962fbf0583c2164f8b84533c2e4da", size = 4922157, upload-time = "2025-05-17T17:23:41.434Z" }
wheels = [
    { url = "https://mirrors.ustc.edu.cn/pypi/packages/dd/9c/1a8f35daa39784ed8adf93a694e7e5dc15c23c741bbda06e1d45f8979e9e/pycryptodomex-3.23.0-cp37-abi3-macosx_10_9_universal2.whl", hash = "sha256:06698f957fe1ab229a99ba2defeeae1c09af185baa909a31a5d1f9d42b1aaed6", size = 2499240, upload-time = "2025-05-17T17:22:46.953Z" },
    { url = "https://mirrors.ustc.edu.cn/pypi/packages/7a/62/f5221a191a97157d240cf6643747558759126c76ee92f29a3f4aee3197a5/pycryptodomex-3.23.0-cp37-abi3-macosx_10_9_x86_64.whl", hash = "sha256:b2c2537863eccef2d41061e82a881dcabb04944c5c06c5aa7110b577cc487545", size = 1644042, upload-time = "2025-05-17T17:22:49.098Z" },
    { url = "https://mirrors.ustc.edu.cn/pypi/packages/8c/fd/5a054543c8988d4ed7b612721d7e78a4b9bf36bc3c5ad45ef45c22d0060e/pycryptodomex-3.23.0-cp37-abi3-manylinux_2_17_aarch64.manylinux2014_aarch64.whl", hash = "sha256:43c446e2ba8df8889e0e16f02211c25b4934898384c1ec1ec04d7889c0333587", size = 2186227, upload-time = "2025-05-17T17:22:51.139Z" },
    { url = "https://mirrors.ustc.edu.cn/pypi/packages/c8/a9/8862616a85cf450d2822dbd4fff1fcaba90877907a6ff5bc2672cafe42f8/pycryptodomex-3.23.0-cp37-abi3-manylinux_2_17_x86_64.manylinux2014_x86_64.whl", hash = "sha256:f489c4765093fb60e2edafdf223397bc716491b2b69fe74367b70d6999257a5c", size = 2272578, upload-time = "2025-05-17T17:22:53.676Z" },
    { url = "https://mirrors.ustc.edu.cn/pypi/packages/46/9f/bda9c49a7c1842820de674ab36c79f4fbeeee03f8ff0e4f3546c3889076b/pycryptodomex-3.23.0-cp37-abi3-manylinux_2_5_i686.manylinux1_i686.manylinux_2_17_i686.manylinux2014_i686.whl", hash = "sha256:bdc69d0d3d989a1029df0eed67cc5e8e5d968f3724f4519bd03e0ec68df7543c", size = 2312166, upload-time = "2025-05-17T17:22:56.585Z" },
    { url = "https://mirrors.ustc.edu.cn/pypi/packages/03/cc/870b9bf8ca92866ca0186534801cf8d20554ad2a76ca959538041b7a7cf4/pycryptodomex-3.23.0-cp37-abi3-musllinux_1_2_aarch64.whl", hash = "sha256:6bbcb1dd0f646484939e142462d9e532482bc74475cecf9c4903d4e1cd21f003", size = 2185467, upload-time = "2025-05-17T17:22:59.237Z" },
    { url = "https://mirrors.ustc.edu.cn/pypi/packages/96/e3/ce9348236d8e669fea5dd82a90e86be48b9c341210f44e25443162aba187/pycryptodomex-3.23.0-cp37-abi3-musllinux_1_2_i686.whl", hash = "sha256:8a4fcd42ccb04c31268d1efeecfccfd1249612b4de6374205376b8f280321744", size = 2346104, upload-time = "2025-05-17T17:23:02.112Z" },
    { url = "https://mirrors.ustc.edu.cn/pypi/packages/a5/e9/e869bcee87beb89040263c416a8a50204f7f7a83ac11897646c9e71e0daf/pycryptodomex-3.23.0-cp37-abi3-musllinux_1_2_x86_64.whl", hash = "sha256:55ccbe27f049743a4caf4f4221b166560d3438d0b1e5ab929e07ae1702a4d6fd", size = 2271038, upload-time = "2025-05-17T17:23:04.872Z" },
    { url = "https://mirrors.ustc.edu.cn/pypi/packages/8d/67/09ee8500dd22614af5fbaa51a4aee6e342b5fa8aecf0a6cb9cbf52fa6d45/pycryptodomex-3.23.0-cp37-abi3-win32.whl", hash = "sha256:189afbc87f0b9f158386bf051f720e20fa6145975f1e76369303d0f31d1a8d7c", size = 1771969, upload-time = "2025-05-17T17:23:07.115Z" },
    { url = "https://mirrors.ustc.edu.cn/pypi/packages/69/96/11f36f71a865dd6df03716d33bd07a67e9d20f6b8d39820470b766af323c/pycryptodomex-3.23.0-cp37-abi3-win_amd64.whl", hash = "sha256:52e5ca58c3a0b0bd5e100a9fbc8015059b05cffc6c66ce9d98b4b45e023443b9", size = 1803124, upload-time = "2025-05-17T17:23:09.267Z" },
    { url = "https://mirrors.ustc.edu.cn/pypi/packages/f9/93/45c1cdcbeb182ccd2e144c693eaa097763b08b38cded279f0053ed53c553/pycryptodomex-3.23.0-cp37-abi3-win_arm64.whl", hash = "sha256:02d87b80778c171445d67e23d1caef279bf4b25c3597050ccd2e13970b57fd51", size = 1707161, upload-time = "2025-05-17T17:23:11.414Z" },
]

[[package]]
name = "pydantic"
version = "2.12.5"
source = { registry = "https://mirrors.ustc.edu.cn/pypi/simple" }
dependencies = [
    { name = "annotated-types" },
    { name = "pydantic-core" },
    { name = "typing-extensions" },
    { name = "typing-inspection" },
]
sdist = { url = "https://mirrors.ustc.edu.cn/pypi/packages/69/44/36f1a6e523abc58ae5f928898e4aca2e0ea509b5aa6f6f392a5d882be928/pydantic-2.12.5.tar.gz", hash = "sha256:4d351024c75c0f085a9febbb665ce8c0c6ec5d30e903bdb6394b7ede26aebb49", size = 821591, upload-time = "2025-11-26T15:11:46.471Z" }
wheels = [
    { url = "https://mirrors.ustc.edu.cn/pypi/packages/5a/87/b70ad306ebb6f9b585f114d0ac2137d792b48be34d732d60e597c2f8465a/pydantic-2.12.5-py3-none-any.whl", hash = "sha256:e561593fccf61e8a20fc46dfc2dfe075b8be7d0188df33f221ad1f0139180f9d", size = 463580, upload-time = "2025-11-26T15:11:44.605Z" },
]

[[package]]
name = "pydantic-core"
version = "2.41.5"
source = { registry = "https://mirrors.ustc.edu.cn/pypi/simple" }
dependencies = [
    { name = "typing-extensions" },
]
sdist = { url = "https://mirrors.ustc.edu.cn/pypi/packages/71/70/23b021c950c2addd24ec408e9ab05d59b035b39d97cdc1130e1bce647bb6/pydantic_core-2.41.5.tar.gz", hash = "sha256:08daa51ea16ad373ffd5e7606252cc32f07bc72b28284b6bc9c6df804816476e", size = 460952, upload-time = "2025-11-04T13:43:49.098Z" }
wheels = [
    { url = "https://mirrors.ustc.edu.cn/pypi/packages/5f/5d/5f6c63eebb5afee93bcaae4ce9a898f3373ca23df3ccaef086d0233a35a7/pydantic_core-2.41.5-cp312-cp312-macosx_10_12_x86_64.whl", hash = "sha256:f41a7489d32336dbf2199c8c0a215390a751c5b014c2c1c5366e817202e9cdf7", size = 2110990, upload-time = "2025-11-04T13:39:58.079Z" },
    { url = "https://mirrors.ustc.edu.cn/pypi/packages/aa/32/9c2e8ccb57c01111e0fd091f236c7b371c1bccea0fa85247ac55b1e2b6b6/pydantic_core-2.41.5-cp312-cp312-macosx_11_0_arm64.whl", hash = "sha256:070259a8818988b9a84a449a2a7337c7f430a22acc0859c6b110aa7212a6d9c0", size = 1896003, upload-time = "2025-11-04T13:39:59.956Z" },
    { url = "https://mirrors.ustc.edu.cn/pypi/packages/68/b8/a01b53cb0e59139fbc9e4fda3e9724ede8de279097179be4ff31f1abb65a/pydantic_core-2.41.5-cp312-cp312-manylinux_2_17_aarch64.manylinux2014_aarch64.whl", hash = "sha256:e96cea19e34778f8d59fe40775a7a574d95816eb150850a85a7a4c8f4b94ac69", size = 1919200, upload-time = "2025-11-04T13:40:02.241Z" },
    { url = "https://mirrors.ustc.edu.cn/pypi/packages/38/de/8c36b5198a29bdaade07b5985e80a233a5ac27137846f3bc2d3b40a47360/pydantic_core-2.41.5-cp312-cp312-manylinux_2_17_armv7l.manylinux2014_armv7l.whl", hash = "sha256:ed2e99c456e3fadd05c991f8f437ef902e00eedf34320ba2b0842bd1c3ca3a75", size = 2052578, upload-time = "2025-11-04T13:40:04.401Z" },
    { url = "https://mirrors.ustc.edu.cn/pypi/packages/00/b5/0e8e4b5b081eac6cb3dbb7e60a65907549a1ce035a724368c330112adfdd/pydantic_core-2.41.5-cp312-cp312-manylinux_2_17_ppc64le.manylinux2014_ppc64le.whl", hash = "sha256:65840751b72fbfd82c3c640cff9284545342a4f1eb1586ad0636955b261b0b05", size = 2208504, upload-time = "2025-11-04T13:40:06.072Z" },
    { url = "https://mirrors.ustc.edu.cn/pypi/packages/77/56/87a61aad59c7c5b9dc8caad5a41a5545cba3810c3e828708b3d7404f6cef/pydantic_core-2.41.5-cp312-cp312-manylinux_2_17_s390x.manylinux2014_s390x.whl", hash = "sha256:e536c98a7626a98feb2d3eaf75944ef6f3dbee447e1f841eae16f2f0a72d8ddc", size = 2335816, upload-time = "2025-11-04T13:40:07.835Z" },
    { url = "https://mirrors.ustc.edu.cn/pypi/packages/0d/76/941cc9f73529988688a665a5c0ecff1112b3d95ab48f81db5f7606f522d3/pydantic_core-2.41.5-cp312-cp312-manylinux_2_17_x86_64.manylinux2014_x86_64.whl", hash = "sha256:eceb81a8d74f9267ef4081e246ffd6d129da5d87e37a77c9bde550cb04870c1c", size = 2075366, upload-time = "2025-11-04T13:40:09.804Z" },
    { url = "https://mirrors.ustc.edu.cn/pypi/packages/d3/43/ebef01f69baa07a482844faaa0a591bad1ef129253ffd0cdaa9d8a7f72d3/pydantic_core-2.41.5-cp312-cp312-manylinux_2_5_i686.manylinux1_i686.whl", hash = "sha256:d38548150c39b74aeeb0ce8ee1d8e82696f4a4e16ddc6de7b1d8823f7de4b9b5", size = 2171698, upload-time = "2025-11-04T13:40:12.004Z" },
    { url = "https://mirrors.ustc.edu.cn/pypi/packages/b1/87/41f3202e4193e3bacfc2c065fab7706ebe81af46a83d3e27605029c1f5a6/pydantic_core-2.41.5-cp312-cp312-musllinux_1_1_aarch64.whl", hash = "sha256:c23e27686783f60290e36827f9c626e63154b82b116d7fe9adba1fda36da706c", size = 2132603, upload-time = "2025-11-04T13:40:13.868Z" },
    { url = "https://mirrors.ustc.edu.cn/pypi/packages/49/7d/4c00df99cb12070b6bccdef4a195255e6020a550d572768d92cc54dba91a/pydantic_core-2.41.5-cp312-cp312-musllinux_1_1_armv7l.whl", hash = "sha256:482c982f814460eabe1d3bb0adfdc583387bd4691ef00b90575ca0d2b6fe2294", size = 2329591, upload-time = "2025-11-04T13:40:15.672Z" },
    { url = "https://mirrors.ustc.edu.cn/pypi/packages/cc/6a/ebf4b1d65d458f3cda6a7335d141305dfa19bdc61140a884d165a8a1bbc7/pydantic_core-2.41.5-cp312-cp312-musllinux_1_1_x86_64.whl", hash = "sha256:bfea2a5f0b4d8d43adf9d7b8bf019fb46fdd10a2e5cde477fbcb9d1fa08c68e1", size = 2319068, upload-time = "2025-11-04T13:40:17.532Z" },
    { url = "https://mirrors.ustc.edu.cn/pypi/packages/49/3b/774f2b5cd4192d5ab75870ce4381fd89cf218af999515baf07e7206753f0/pydantic_core-2.41.5-cp312-cp312-win32.whl", hash = "sha256:b74557b16e390ec12dca509bce9264c3bbd128f8a2c376eaa68003d7f327276d", size = 1985908, upload-time = "2025-11-04T13:40:19.309Z" },
    { url = "https://mirrors.ustc.edu.cn/pypi/packages/86/45/00173a033c801cacf67c190fef088789394feaf88a98a7035b0e40d53dc9/pydantic_core-2.41.5-cp312-cp312-win_amd64.whl", hash = "sha256:1962293292865bca8e54702b08a4f26da73adc83dd1fcf26fbc875b35d81c815", size = 2020145, upload-time = "2025-11-04T13:40:21.548Z" },
    { url = "https://mirrors.ustc.edu.cn/pypi/packages/f9/22/91fbc821fa6d261b376a3f73809f907cec5ca6025642c463d3488aad22fb/pydantic_core-2.41.5-cp312-cp312-win_arm64.whl", hash = "sha256:1746d4a3d9a794cacae06a5eaaccb4b8643a131d45fbc9af23e353dc0a5ba5c3", size = 1976179, upload-time = "2025-11-04T13:40:23.393Z" },
    { url = "https://mirrors.ustc.edu.cn/pypi/packages/09/32/59b0c7e63e277fa7911c2fc70ccfb45ce4b98991e7ef37110663437005af/pydantic_core-2.41.5-graalpy312-graalpy250_312_native-macosx_10_12_x86_64.whl", hash = "sha256:7da7087d756b19037bc2c06edc6c170eeef3c3bafcb8f532ff17d64dc427adfd", size = 2110495, upload-time = "2025-11-04T13:42:49.689Z" },
    { url = "https://mirrors.ustc.edu.cn/pypi/packages/aa/81/05e400037eaf55ad400bcd318c05bb345b57e708887f07ddb2d20e3f0e98/pydantic_core-2.41.5-graalpy312-graalpy250_312_native-macosx_11_0_arm64.whl", hash = "sha256:aabf5777b5c8ca26f7824cb4a120a740c9588ed58df9b2d196ce92fba42ff8dc", size = 1915388, upload-time = "2025-11-04T13:42:52.215Z" },
    { url = "https://mirrors.ustc.edu.cn/pypi/packages/6e/0d/e3549b2399f71d56476b77dbf3cf8937cec5cd70536bdc0e374a421d0599/pydantic_core-2.41.5-graalpy312-graalpy250_312_native-manylinux_2_17_aarch64.manylinux2014_aarch64.whl", hash = "sha256:c007fe8a43d43b3969e8469004e9845944f1a80e6acd47c150856bb87f230c56", size = 1942879, upload-time = "2025-11-04T13:42:56.483Z" },
    { url = "https://mirrors.ustc.edu.cn/pypi/packages/f7/07/34573da085946b6a313d7c42f82f16e8920bfd730665de2d11c0c37a74b5/pydantic_core-2.41.5-graalpy312-graalpy250_312_native-manylinux_2_17_x86_64.manylinux2014_x86_64.whl", hash = "sha256:76d0819de158cd855d1cbb8fcafdf6f5cf1eb8e470abe056d5d161106e38062b", size = 2139017, upload-time = "2025-11-04T13:42:59.471Z" },
]

[[package]]
name = "pygments"
version = "2.19.2"
source = { registry = "https://mirrors.ustc.edu.cn/pypi/simple" }
sdist = { url = "https://mirrors.ustc.edu.cn/pypi/packages/b0/77/a5b8c569bf593b0140bde72ea885a803b82086995367bf2037de0159d924/pygments-2.19.2.tar.gz", hash = "sha256:636cb2477cec7f8952536970bc533bc43743542f70392ae026374600add5b887", size = 4968631, upload-time = "2025-06-21T13:39:12.283Z" }
wheels = [
    { url = "https://mirrors.ustc.edu.cn/pypi/packages/c7/21/705964c7812476f378728bdf590ca4b771ec72385c533964653c68e86bdc/pygments-2.19.2-py3-none-any.whl", hash = "sha256:86540386c03d588bb81d44bc3928634ff26449851e99741617ecb9037ee5ec0b", size = 1225217, upload-time = "2025-06-21T13:39:07.939Z" },
]

[[package]]
name = "pyperclip"
version = "1.11.0"
source = { registry = "https://mirrors.ustc.edu.cn/pypi/simple" }
sdist = { url = "https://mirrors.ustc.edu.cn/pypi/packages/e8/52/d87eba7cb129b81563019d1679026e7a112ef76855d6159d24754dbd2a51/pyperclip-1.11.0.tar.gz", hash = "sha256:244035963e4428530d9e3a6101a1ef97209c6825edab1567beac148ccc1db1b6", size = 12185, upload-time = "2025-09-26T14:40:37.245Z" }
wheels = [
    { url = "https://mirrors.ustc.edu.cn/pypi/packages/df/80/fc9d01d5ed37ba4c42ca2b55b4339ae6e200b456be3a1aaddf4a9fa99b8c/pyperclip-1.11.0-py3-none-any.whl", hash = "sha256:299403e9ff44581cb9ba2ffeed69c7aa96a008622ad0c46cb575ca75b5b84273", size = 11063, upload-time = "2025-09-26T14:40:36.069Z" },
]

[[package]]
name = "pytest"
version = "9.0.2"
source = { registry = "https://mirrors.ustc.edu.cn/pypi/simple" }
dependencies = [
    { name = "colorama", marker = "sys_platform == 'win32'" },
    { name = "iniconfig" },
    { name = "packaging" },
    { name = "pluggy" },
    { name = "pygments" },
]
sdist = { url = "https://mirrors.ustc.edu.cn/pypi/packages/d1/db/7ef3487e0fb0049ddb5ce41d3a49c235bf9ad299b6a25d5780a89f19230f/pytest-9.0.2.tar.gz", hash = "sha256:75186651a92bd89611d1d9fc20f0b4345fd827c41ccd5c299a868a05d70edf11", size = 1568901, upload-time = "2025-12-06T21:30:51.014Z" }
wheels = [
    { url = "https://mirrors.ustc.edu.cn/pypi/packages/3b/ab/b3226f0bd7cdcf710fbede2b3548584366da3b19b5021e74f5bde2a8fa3f/pytest-9.0.2-py3-none-any.whl", hash = "sha256:711ffd45bf766d5264d487b917733b453d917afd2b0ad65223959f59089f875b", size = 374801, upload-time = "2025-12-06T21:30:49.154Z" },
]

[[package]]
name = "rich"
version = "14.3.3"
source = { registry = "https://mirrors.ustc.edu.cn/pypi/simple" }
dependencies = [
    { name = "markdown-it-py" },
    { name = "pygments" },
]
sdist = { url = "https://mirrors.ustc.edu.cn/pypi/packages/b3/c6/f3b320c27991c46f43ee9d856302c70dc2d0fb2dba4842ff739d5f46b393/rich-14.3.3.tar.gz", hash = "sha256:b8daa0b9e4eef54dd8cf7c86c03713f53241884e814f4e2f5fb342fe520f639b", size = 230582, upload-time = "2026-02-19T17:23:12.474Z" }
wheels = [
    { url = "https://mirrors.ustc.edu.cn/pypi/packages/14/25/b208c5683343959b670dc001595f2f3737e051da617f66c31f7c4fa93abc/rich-14.3.3-py3-none-any.whl", hash = "sha256:793431c1f8619afa7d3b52b2cdec859562b950ea0d4b6b505397612db8d5362d", size = 310458, upload-time = "2026-02-19T17:23:13.732Z" },
]

[[package]]
name = "rookiepy"
version = "0.5.6"
source = { registry = "https://mirrors.ustc.edu.cn/pypi/simple" }
sdist = { url = "https://mirrors.ustc.edu.cn/pypi/packages/52/b7/b75e3bb8cdd0210a0ffb106002b678170c9a3a50ae1dc1c9bc1f701b4452/rookiepy-0.5.6.tar.gz", hash = "sha256:efa6a93b119478a96b3d8c4454215c4f1af316a24b3b3b3015b73c1c1d887078", size = 45225, upload-time = "2024-11-01T19:28:37.537Z" }
wheels = [
    { url = "https://mirrors.ustc.edu.cn/pypi/packages/de/f3/70737571ed2fb7cd9e360b0ec6ce637c8894d712632f7e13b442f5286eef/rookiepy-0.5.6-cp312-cp312-macosx_10_12_x86_64.whl", hash = "sha256:96737f44eab781d5a010b71f7cd70ef43c6a6977dc1c54d019158b8fcfe57167", size = 1404166, upload-time = "2024-11-01T19:26:29.356Z" },
    { url = "https://mirrors.ustc.edu.cn/pypi/packages/05/ae/9b69ca2821149cdb5061d6d3098a003affd7ca71b79166e98aed5d7beac8/rookiepy-0.5.6-cp312-cp312-macosx_11_0_arm64.whl", hash = "sha256:37a8fc437f49672387d4a512df5522a724c4440442e64cad84680f1718f68c50", size = 1311996, upload-time = "2024-11-01T19:26:31.659Z" },
    { url = "https://mirrors.ustc.edu.cn/pypi/packages/d7/29/3a7a44027d542c889f9605843d5c7f8df105eb0b79ad45750d7c0b18875b/rookiepy-0.5.6-cp312-cp312-manylinux_2_17_aarch64.manylinux2014_aarch64.whl", hash = "sha256:22d0ece1ef732045f0482f72bc199cad81878154ceb62780c1e2f297c62df7e2", size = 2678772, upload-time = "2024-11-01T19:26:33.995Z" },
    { url = "https://mirrors.ustc.edu.cn/pypi/packages/6b/62/fb0a8267604f11e7df565509834279b179eadb785e4d5e0b99cc096a27f4/rookiepy-0.5.6-cp312-cp312-manylinux_2_17_armv7l.manylinux2014_armv7l.whl", hash = "sha256:307943d5780492c533bfeb6bc89d1a4b3e5b91b25af6fc1de280acc1e2ff16f6", size = 2583775, upload-time = "2024-11-01T19:26:36.665Z" },
    { url = "https://mirrors.ustc.edu.cn/pypi/packages/5b/0b/c1f85445a00107f97f488f5f14ac25f1994c8436c543263e43865380e553/rookiepy-0.5.6-cp312-cp312-manylinux_2_17_i686.manylinux2014_i686.whl", hash = "sha256:c607eef14f64ba284f3754449b6eb079aa8aaa66b443d0cdd2ec9aaa1814a8da", size = 2993272, upload-time = "2024-11-01T19:26:39.668Z" },
    { url = "https://mirrors.ustc.edu.cn/pypi/packages/4c/b4/7ca3ab1860f38e1d79df051aad6e8826732f3dee77fd694f226e20e8389c/rookiepy-0.5.6-cp312-cp312-manylinux_2_17_ppc64le.manylinux2014_ppc64le.whl", hash = "sha256:19f4b95436705b38e4a55cfa9f3d999bb4edc6a7f91ba13b1b90bb14b1796fdb", size = 2871214, upload-time = "2024-11-01T19:26:42.24Z" },
    { url = "https://mirrors.ustc.edu.cn/pypi/packages/8a/36/f45c3a833595285d790d91de20e64dff5ae1780a407033a018f0efccf852/rookiepy-0.5.6-cp312-cp312-manylinux_2_17_s390x.manylinux2014_s390x.whl", hash = "sha256:95b881f2f3d93bb56808eaaf8ac9e0e5e3245dda837edab194834a3caaadcbe7", size = 2971688, upload-time = "2024-11-01T19:26:44.341Z" },
    { url = "https://mirrors.ustc.edu.cn/pypi/packages/19/c4/59b5e0b6efcd919683578605bfac4bc112ac34de5a871094fe3efa58896b/rookiepy-0.5.6-cp312-cp312-manylinux_2_17_x86_64.manylinux2014_x86_64.whl", hash = "sha256:2c49a0b59bc0329928a369a479f9b1c16cbe3a2548dd8273b13515c7ced73449", size = 2801469, upload-time = "2024-11-01T19:26:47.997Z" },
    { url = "https://mirrors.ustc.edu.cn/pypi/packages/e4/38/bba16936ece960db7ed10f8ebf05dc6228959511d3837020da1e9b7dcdf6/rookiepy-0.5.6-cp312-none-win_amd64.whl", hash = "sha256:6bb956c9f2dece5101aafc7a715bc672c5b30ddcaa55c9926d12440635d89cfc", size = 2441230, upload-time = "2024-11-01T19:26:50.486Z" },
]

[[package]]
name = "socksio"
version = "1.0.0"
source = { registry = "https://mirrors.ustc.edu.cn/pypi/simple" }
sdist = { url = "https://mirrors.ustc.edu.cn/pypi/packages/f8/5c/48a7d9495be3d1c651198fd99dbb6ce190e2274d0f28b9051307bdec6b85/socksio-1.0.0.tar.gz", hash = "sha256:f88beb3da5b5c38b9890469de67d0cb0f9d494b78b106ca1845f96c10b91c4ac", size = 19055, upload-time = "2020-04-17T15:50:34.664Z" }
wheels = [
    { url = "https://mirrors.ustc.edu.cn/pypi/packages/37/c3/6eeb6034408dac0fa653d126c9204ade96b819c936e136c5e8a6897eee9c/socksio-1.0.0-py3-none-any.whl", hash = "sha256:95dc1f15f9b34e8d7b16f06d74b8ccf48f609af32ab33c608d08761c5dcbb1f3", size = 12763, upload-time = "2020-04-17T15:50:31.878Z" },
]

[[package]]
name = "starlette"
version = "0.50.0"
source = { registry = "https://mirrors.ustc.edu.cn/pypi/simple" }
dependencies = [
    { name = "anyio" },
    { name = "typing-extensions" },
]
sdist = { url = "https://mirrors.ustc.edu.cn/pypi/packages/ba/b8/73a0e6a6e079a9d9cfa64113d771e421640b6f679a52eeb9b32f72d871a1/starlette-0.50.0.tar.gz", hash = "sha256:a2a17b22203254bcbc2e1f926d2d55f3f9497f769416b3190768befe598fa3ca", size = 2646985, upload-time = "2025-11-01T15:25:27.516Z" }
wheels = [
    { url = "https://mirrors.ustc.edu.cn/pypi/packages/d9/52/1064f510b141bd54025f9b55105e26d1fa970b9be67ad766380a3c9b74b0/starlette-0.50.0-py3-none-any.whl", hash = "sha256:9e5391843ec9b6e472eed1365a78c8098cfceb7a74bfd4d6b1c0c0095efb3bca", size = 74033, upload-time = "2025-11-01T15:25:25.461Z" },
]

[[package]]
name = "typing-extensions"
version = "4.15.0"
source = { registry = "https://mirrors.ustc.edu.cn/pypi/simple" }
sdist = { url = "https://mirrors.ustc.edu.cn/pypi/packages/72/94/1a15dd82efb362ac84269196e94cf00f187f7ed21c242792a923cdb1c61f/typing_extensions-4.15.0.tar.gz", hash = "sha256:0cea48d173cc12fa28ecabc3b837ea3cf6f38c6d1136f85cbaaf598984861466", size = 109391, upload-time = "2025-08-25T13:49:26.313Z" }
wheels = [
    { url = "https://mirrors.ustc.edu.cn/pypi/packages/18/67/36e9267722cc04a6b9f15c7f3441c2363321a3ea07da7ae0c0707beb2a9c/typing_extensions-4.15.0-py3-none-any.whl", hash = "sha256:f0fa19c6845758ab08074a0cfa8b7aecb71c999ca73d62883bc25cc018c4e548", size = 44614, upload-time = "2025-08-25T13:49:24.86Z" },
]

[[package]]
name = "typing-inspection"
version = "0.4.2"
source = { registry = "https://mirrors.ustc.edu.cn/pypi/simple" }
dependencies = [
    { name = "typing-extensions" },
]
sdist = { url = "https://mirrors.ustc.edu.cn/pypi/packages/55/e3/70399cb7dd41c10ac53367ae42139cf4b1ca5f36bb3dc6c9d33acdb43655/typing_inspection-0.4.2.tar.gz", hash = "sha256:ba561c48a67c5958007083d386c3295464928b01faa735ab8547c5692e87f464", size = 75949, upload-time = "2025-10-01T02:14:41.687Z" }
wheels = [
    { url = "https://mirrors.ustc.edu.cn/pypi/packages/dc/9b/47798a6c91d8bdb567fe2698fe81e0c6b7cb7ef4d13da4114b41d239f65d/typing_inspection-0.4.2-py3-none-any.whl", hash = "sha256:4ed1cacbdc298c220f1bd249ed5287caa16f34d44ef4e9c3d0cbad5b521545e7", size = 14611, upload-time = "2025-10-01T02:14:40.154Z" },
]

[[package]]
name = "uvicorn"
version = "0.42.0"
source = { registry = "https://mirrors.ustc.edu.cn/pypi/simple" }
dependencies = [
    { name = "click" },
    { name = "h11" },
]
sdist = { url = "https://mirrors.ustc.edu.cn/pypi/packages/e3/ad/4a96c425be6fb67e0621e62d86c402b4a17ab2be7f7c055d9bd2f638b9e2/uvicorn-0.42.0.tar.gz", hash = "sha256:9b1f190ce15a2dd22e7758651d9b6d12df09a13d51ba5bf4fc33c383a48e1775", size = 85393, upload-time = "2026-03-16T06:19:50.077Z" }
wheels = [
    { url = "https://mirrors.ustc.edu.cn/pypi/packages/0a/89/f8827ccff89c1586027a105e5630ff6139a64da2515e24dafe860bd9ae4d/uvicorn-0.42.0-py3-none-any.whl", hash = "sha256:96c30f5c7abe6f74ae8900a70e92b85ad6613b745d4879eb9b16ccad15645359", size = 68830, upload-time = "2026-03-16T06:19:48.325Z" },
]
